
Microsoft Visual Studio Solution File, Format Version 12.00
# Visual Studio Version 17
VisualStudioVersion = 17.14.36212.18
MinimumVisualStudioVersion = 10.0.40219.1
Project("{FAE04EC0-301F-11D3-BF4B-00C04F79EFBC}") = "GraphQLCustomers", "src\GraphQLCustomers\GraphQLCustomers.csproj", "{2E3E8694-6D48-4A8B-A6A0-1B6503EC50F8}"
EndProject
Global
	GlobalSection(SolutionConfigurationPlatforms) = preSolution
		Debug|Any CPU = Debug|Any CPU
		Release|Any CPU = Release|Any CPU
	EndGlobalSection
	GlobalSection(ProjectConfigurationPlatforms) = postSolution
		{2E3E8694-6D48-4A8B-A6A0-1B6503EC50F8}.Debug|Any CPU.ActiveCfg = Debug|Any CPU
		{2E3E8694-6D48-4A8B-A6A0-1B6503EC50F8}.Debug|Any CPU.Build.0 = Debug|Any CPU
		{2E3E8694-6D48-4A8B-A6A0-1B6503EC50F8}.Release|Any CPU.ActiveCfg = Release|Any CPU
		{2E3E8694-6D48-4A8B-A6A0-1B6503EC50F8}.Release|Any CPU.Build.0 = Release|Any CPU
	EndGlobalSection
	GlobalSection(SolutionProperties) = preSolution
		HideSolutionNode = FALSE
	EndGlobalSection
	GlobalSection(ExtensibilityGlobals) = postSolution
		SolutionGuid = {2BBC4AAF-3C41-4D9B-88D9-DB9EF0098445}
	EndGlobalSection
EndGlobal
